
Microsoft Visual Studio Solution File, Format Version 12.00
# Visual Studio Version 17
VisualStudioVersion = 17.4.33213.308
MinimumVisualStudioVersion = 10.0.40219.1
Project("{FAE04EC0-301F-11D3-BF4B-00C04F79EFBC}") = "FirstLesson", "FirstLesson.csproj", "{B52BE636-4683-457E-B765-0E59550823F0}"
EndProject
Global
	GlobalSection(SolutionConfigurationPlatforms) = preSolution
		Debug|Any CPU = Debug|Any CPU
		Release|Any CPU = Release|Any CPU
	EndGlobalSection
	GlobalSection(ProjectConfigurationPlatforms) = postSolution
		{B52BE636-4683-457E-B765-0E59550823F0}.Debug|Any CPU.ActiveCfg = Debug|Any CPU
		{B52BE636-4683-457E-B765-0E59550823F0}.Debug|Any CPU.Build.0 = Debug|Any CPU
		{B52BE636-4683-457E-B765-0E59550823F0}.Release|Any CPU.ActiveCfg = Release|Any CPU
		{B52BE636-4683-457E-B765-0E59550823F0}.Release|Any CPU.Build.0 = Release|Any CPU
	EndGlobalSection
	GlobalSection(SolutionProperties) = preSolution
		HideSolutionNode = FALSE
	EndGlobalSection
	GlobalSection(ExtensibilityGlobals) = postSolution
		SolutionGuid = {1BB7F22A-F01D-4839-8A9B-C3E052A03205}
	EndGlobalSection
EndGlobal
